// !$*UTF8*$!
{
	archiveVersion = 1;
	classes = {
	};
	objectVersion = 77;
	objects = {

/* Begin PBXBuildFile section */
		A22832932EEF316700E6EB63 /* AuthTextField.swift in Sources */ = {isa = PBXBuildFile; fileRef = A22832922EEF316700E6EB63 /* AuthTextField.swift */; };
		A23CB3972E4567640067F028 /* SessionManager.swift in Sources */ = {isa = PBXBuildFile; fileRef = A23CB3962E4567640067F028 /* SessionManager.swift */; };
		A296EE4F2E3FFB8C00D9B1F7 /* User.swift in Sources */ = {isa = PBXBuildFile; fileRef = A296EE4E2E3FFB8C00D9B1F7 /* User.swift */; };
		A296EE512E4000CA00D9B1F7 /* UserManager.swift in Sources */ = {isa = PBXBuildFile; fileRef = A296EE502E4000CA00D9B1F7 /* UserManager.swift */; };
/* End PBXBuildFile section */

/* Begin PBXContainerItemProxy section */
		A296EE0A2E1A043500D9B1F7 /* PBXContainerItemProxy */ = {
			isa = PBXContainerItemProxy;
			containerPortal = A296EDF12E1A043000D9B1F7 /* Project object */;
			proxyType = 1;
			remoteGlobalIDString = A296EDF82E1A043000D9B1F7;
			remoteInfo = KazokuFit;
		};
		A296EE142E1A043500D9B1F7 /* PBXContainerItemProxy */ = {
			isa = PBXContainerItemProxy;
			containerPortal = A296EDF12E1A043000D9B1F7 /* Project object */;
			proxyType = 1;
			remoteGlobalIDString = A296EDF82E1A043000D9B1F7;
			remoteInfo = KazokuFit;
		};
/* End PBXContainerItemProxy section */

/* Begin PBXFileReference section */
		A22832922EEF316700E6EB63 /* AuthTextField.swift */ = {isa = PBXFileReference; lastKnownFileType = sourcecode.swift; name = AuthTextField.swift; path = KazokuFit/AuthTextField.swift; sourceTree = "<group>"; };
		A23CB3962E4567640067F028 /* SessionManager.swift */ = {isa = PBXFileReference; lastKnownFileType = sourcecode.swift; path = SessionManager.swift; sourceTree = "<group>"; };
		A296EDF92E1A043000D9B1F7 /* KazokuFit.app */ = {isa = PBXFileReference; explicitFileType = wrapper.application; includeInIndex = 0; path = KazokuFit.app; sourceTree = BUILT_PRODUCTS_DIR; };
		A296EE092E1A043500D9B1F7 /* KazokuFitTests.xctest */ = {isa = PBXFileReference; explicitFileType = wrapper.cfbundle; includeInIndex = 0; path = KazokuFitTests.xctest; sourceTree = BUILT_PRODUCTS_DIR; };
		A296EE132E1A043500D9B1F7 /* KazokuFitUITests.xctest */ = {isa = PBXFileReference; explicitFileType = wrapper.cfbundle; includeInIndex = 0; path = KazokuFitUITests.xctest; sourceTree = BUILT_PRODUCTS_DIR; };
		A296EE4E2E3FFB8C00D9B1F7 /* User.swift */ = {isa = PBXFileReference; lastKnownFileType = sourcecode.swift; path = User.swift; sourceTree = "<group>"; };
		A296EE502E4000CA00D9B1F7 /* UserManager.swift */ = {isa = PBXFileReference; lastKnownFileType = sourcecode.swift; path = UserManager.swift; sourceTree = "<group>"; };
/* End PBXFileReference section */

/* Begin PBXFileSystemSynchronizedRootGroup section */
		A296EDFB2E1A043000D9B1F7 /* KazokuFit */ = {
			isa = PBXFileSystemSynchronizedRootGroup;
			path = KazokuFit;
			sourceTree = "<group>";
		};
		A296EE0C2E1A043500D9B1F7 /* KazokuFitTests */ = {
			isa = PBXFileSystemSynchronizedRootGroup;
			path = KazokuFitTests;
			sourceTree = "<group>";
		};
		A296EE162E1A043500D9B1F7 /* KazokuFitUITests */ = {
			isa = PBXFileSystemSynchronizedRootGroup;
			path = KazokuFitUITests;
			sourceTree = "<group>";
		};
/* End PBXFileSystemSynchronizedRootGroup section */

/* Begin PBXFrameworksBuildPhase section */
		A296EDF62E1A043000D9B1F7 /* Frameworks */ = {
			isa = PBXFrameworksBuildPhase;
			buildActionMask = 2147483647;
			files = (
			);
			runOnlyForDeploymentPostprocessing = 0;
		};
		A296EE062E1A043500D9B1F7 /* Frameworks */ = {
			isa = PBXFrameworksBuildPhase;
			buildActionMask = 2147483647;
			files = (
			);
			runOnlyForDeploymentPostprocessing = 0;
		};
		A296EE102E1A043500D9B1F7 /* Frameworks */ = {
			isa = PBXFrameworksBuildPhase;
			buildActionMask = 2147483647;
			files = (
			);
			runOnlyForDeploymentPostprocessing = 0;
		};
/* End PBXFrameworksBuildPhase section */

/* Begin PBXGroup section */
		A296EDF02E1A043000D9B1F7 = {
			isa = PBXGroup;
			children = (
				A22832922EEF316700E6EB63 /* AuthTextField.swift */,
				A23CB3962E4567640067F028 /* SessionManager.swift */,
				A296EE502E4000CA00D9B1F7 /* UserManager.swift */,
				A296EE4E2E3FFB8C00D9B1F7 /* User.swift */,
				A296EDFB2E1A043000D9B1F7 /* KazokuFit */,
				A296EE0C2E1A043500D9B1F7 /* KazokuFitTests */,
				A296EE162E1A043500D9B1F7 /* KazokuFitUITests */,
				A296EDFA2E1A043000D9B1F7 /* Products */,
			);
			sourceTree = "<group>";
		};
		A296EDFA2E1A043000D9B1F7 /* Products */ = {
			isa = PBXGroup;
			children = (
				A296EDF92E1A043000D9B1F7 /* KazokuFit.app */,
				A296EE092E1A043500D9B1F7 /* KazokuFitTests.xctest */,
				A296EE132E1A043500D9B1F7 /* KazokuFitUITests.xctest */,
			);
			name = Products;
			sourceTree = "<group>";
		};
/* End PBXGroup section */

/* Begin PBXNativeTarget section */
		A296EDF82E1A043000D9B1F7 /* KazokuFit */ = {
			isa = PBXNativeTarget;
			buildConfigurationList = A296EE1D2E1A043500D9B1F7 /* Build configuration list for PBXNativeTarget "KazokuFit" */;
			buildPhases = (
				A296EDF52E1A043000D9B1F7 /* Sources */,
				A296EDF62E1A043000D9B1F7 /* Frameworks */,
				A296EDF72E1A043000D9B1F7 /* Resources */,
			);
			buildRules = (
			);
			dependencies = (
			);
			fileSystemSynchronizedGroups = (
				A296EDFB2E1A043000D9B1F7 /* KazokuFit */,
			);
			name = KazokuFit;
			packageProductDependencies = (
			);
			productName = KazokuFit;
			productReference = A296EDF92E1A043000D9B1F7 /* KazokuFit.app */;
			productType = "com.apple.product-type.application";
		};
		A296EE082E1A043500D9B1F7 /* KazokuFitTests */ = {
			isa = PBXNativeTarget;
			buildConfigurationList = A296EE202E1A043500D9B1F7 /* Build configuration list for PBXNativeTarget "KazokuFitTests" */;
			buildPhases = (
				A296EE052E1A043500D9B1F7 /* Sources */,
				A296EE062E1A043500D9B1F7 /* Frameworks */,
				A296EE072E1A043500D9B1F7 /* Resources */,
			);
			buildRules = (
			);
			dependencies = (
				A296EE0B2E1A043500D9B1F7 /* PBXTargetDependency */,
			);
			fileSystemSynchronizedGroups = (
				A296EE0C2E1A043500D9B1F7 /* KazokuFitTests */,
			);
			name = KazokuFitTests;
			packageProductDependencies = (
			);
			productName = KazokuFitTests;
			productReference = A296EE092E1A043500D9B1F7 /* KazokuFitTests.xctest */;
			productType = "com.apple.product-type.bundle.unit-test";
		};
		A296EE122E1A043500D9B1F7 /* KazokuFitUITests */ = {
			isa = PBXNativeTarget;
			buildConfigurationList = A296EE232E1A043500D9B1F7 /* Build configuration list for PBXNativeTarget "KazokuFitUITests" */;
			buildPhases = (
				A296EE0F2E1A043500D9B1F7 /* Sources */,
				A296EE102E1A043500D9B1F7 /* Frameworks */,
				A296EE112E1A043500D9B1F7 /* Resources */,
			);
			buildRules = (
			);
			dependencies = (
				A296EE152E1A043500D9B1F7 /* PBXTargetDependency */,
			);
			fileSystemSynchronizedGroups = (
				A296EE162E1A043500D9B1F7 /* KazokuFitUITests */,
			);
			name = KazokuFitUITests;
			packageProductDependencies = (
			);
			productName = KazokuFitUITests;
			productReference = A296EE132E1A043500D9B1F7 /* KazokuFitUITests.xctest */;
			productType = "com.apple.product-type.bundle.ui-testing";
		};
/* End PBXNativeTarget section */

/* Begin PBXProject section */
		A296EDF12E1A043000D9B1F7 /* Project object */ = {
			isa = PBXProject;
			attributes = {
				BuildIndependentTargetsInParallel = 1;
				LastSwiftUpdateCheck = 1620;
				LastUpgradeCheck = 1620;
				TargetAttributes = {
					A296EDF82E1A043000D9B1F7 = {
						CreatedOnToolsVersion = 16.2;
					};
					A296EE082E1A043500D9B1F7 = {
						CreatedOnToolsVersion = 16.2;
						TestTargetID = A296EDF82E1A043000D9B1F7;
					};
					A296EE122E1A043500D9B1F7 = {
						CreatedOnToolsVersion = 16.2;
						TestTargetID = A296EDF82E1A043000D9B1F7;
					};
				};
			};
			buildConfigurationList = A296EDF42E1A043000D9B1F7 /* Build configuration list for PBXProject "KazokuFit" */;
			developmentRegion = en;
			hasScannedForEncodings = 0;
			knownRegions = (
				en,
				Base,
			);
			mainGroup = A296EDF02E1A043000D9B1F7;
			minimizedProjectReferenceProxies = 1;
			preferredProjectObjectVersion = 77;
			productRefGroup = A296EDFA2E1A043000D9B1F7 /* Products */;
			projectDirPath = "";
			projectRoot = "";
			targets = (
				A296EDF82E1A043000D9B1F7 /* KazokuFit */,
				A296EE082E1A043500D9B1F7 /* KazokuFitTests */,
				A296EE122E1A043500D9B1F7 /* KazokuFitUITests */,
			);
		};
/* End PBXProject section */

/* Begin PBXResourcesBuildPhase section */
		A296EDF72E1A043000D9B1F7 /* Resources */ = {
			isa = PBXResourcesBuildPhase;
			buildActionMask = 2147483647;
			files = (
			);
			runOnlyForDeploymentPostprocessing = 0;
		};
		A296EE072E1A043500D9B1F7 /* Resources */ = {
			isa = PBXResourcesBuildPhase;
			buildActionMask = 2147483647;
			files = (
			);
			runOnlyForDeploymentPostprocessing = 0;
		};
		A296EE112E1A043500D9B1F7 /* Resources */ = {
			isa = PBXResourcesBuildPhase;
			buildActionMask = 2147483647;
			files = (
			);
			runOnlyForDeploymentPostprocessing = 0;
		};
/* End PBXResourcesBuildPhase section */

/* Begin PBXSourcesBuildPhase section */
		A296EDF52E1A043000D9B1F7 /* Sources */ = {
			isa = PBXSourcesBuildPhase;
			buildActionMask = 2147483647;
			files = (
				A296EE512E4000CA00D9B1F7 /* UserManager.swift in Sources */,
				A296EE4F2E3FFB8C00D9B1F7 /* User.swift in Sources */,
				A22832932EEF316700E6EB63 /* AuthTextField.swift in Sources */,
				A23CB3972E4567640067F028 /* SessionManager.swift in Sources */,
			);
			runOnlyForDeploymentPostprocessing = 0;
		};
		A296EE052E1A043500D9B1F7 /* Sources */ = {
			isa = PBXSourcesBuildPhase;
			buildActionMask = 2147483647;
			files = (
			);
			runOnlyForDeploymentPostprocessing = 0;
		};
		A296EE0F2E1A043500D9B1F7 /* Sources */ = {
			isa = PBXSourcesBuildPhase;
			buildActionMask = 2147483647;
			files = (
			);
			runOnlyForDeploymentPostprocessing = 0;
		};
/* End PBXSourcesBuildPhase section */

/* Begin PBXTargetDependency section */
		A296EE0B2E1A043500D9B1F7 /* PBXTargetDependency */ = {
			isa = PBXTargetDependency;
			target = A296EDF82E1A043000D9B1F7 /* KazokuFit */;
			targetProxy = A296EE0A2E1A043500D9B1F7 /* PBXContainerItemProxy */;
		};
		A296EE152E1A043500D9B1F7 /* PBXTargetDependency */ = {
			isa = PBXTargetDependency;
			target = A296EDF82E1A043000D9B1F7 /* KazokuFit */;
			targetProxy = A296EE142E1A043500D9B1F7 /* PBXContainerItemProxy */;
		};
/* End PBXTargetDependency section */

/* Begin XCBuildConfiguration section */
		A296EE1B2E1A043500D9B1F7 /* Debug */ = {
			isa = XCBuildConfiguration;
			buildSettings = {
				ALWAYS_SEARCH_USER_PATHS = NO;
				ASSETCATALOG_COMPILER_GENERATE_SWIFT_ASSET_SYMBOL_EXTENSIONS = YES;
				CLANG_ANALYZER_NONNULL = YES;
				CLANG_ANALYZER_NUMBER_OBJECT_CONVERSION = YES_AGGRESSIVE;
				CLANG_CXX_LANGUAGE_STANDARD = "gnu++20";
				CLANG_ENABLE_MODULES = YES;
				CLANG_ENABLE_OBJC_ARC = YES;
				CLANG_ENABLE_OBJC_WEAK = YES;
				CLANG_WARN_BLOCK_CAPTURE_AUTORELEASING = YES;
				CLANG_WARN_BOOL_CONVERSION = YES;
				CLANG_WARN_COMMA = YES;
				CLANG_WARN_CONSTANT_CONVERSION = YES;
				CLANG_WARN_DEPRECATED_OBJC_IMPLEMENTATIONS = YES;
				CLANG_WARN_DIRECT_OBJC_ISA_USAGE = YES_ERROR;
				CLANG_WARN_DOCUMENTATION_COMMENTS = YES;
				CLANG_WARN_EMPTY_BODY = YES;
				CLANG_WARN_ENUM_CONVERSION = YES;
				CLANG_WARN_INFINITE_RECURSION = YES;
				CLANG_WARN_INT_CONVERSION = YES;
				CLANG_WARN_NON_LITERAL_NULL_CONVERSION = YES;
				CLANG_WARN_OBJC_IMPLICIT_RETAIN_SELF = YES;
				CLANG_WARN_OBJC_LITERAL_CONVERSION = YES;
				CLANG_WARN_OBJC_ROOT_CLASS = YES_ERROR;
				CLANG_WARN_QUOTED_INCLUDE_IN_FRAMEWORK_HEADER = YES;
				CLANG_WARN_RANGE_LOOP_ANALYSIS = YES;
				CLANG_WARN_STRICT_PROTOTYPES = YES;
				CLANG_WARN_SUSPICIOUS_MOVE = YES;
				CLANG_WARN_UNGUARDED_AVAILABILITY = YES_AGGRESSIVE;
				CLANG_WARN_UNREACHABLE_CODE = YES;
				CLANG_WARN__DUPLICATE_METHOD_MATCH = YES;
				COPY_PHASE_STRIP = NO;
				DEBUG_INFORMATION_FORMAT = dwarf;
				ENABLE_STRICT_OBJC_MSGSEND = YES;
				ENABLE_TESTABILITY = YES;
				ENABLE_USER_SCRIPT_SANDBOXING = YES;
				GCC_C_LANGUAGE_STANDARD = gnu17;
				GCC_DYNAMIC_NO_PIC = NO;
				GCC_NO_COMMON_BLOCKS = YES;
				GCC_OPTIMIZATION_LEVEL = 0;
				GCC_PREPROCESSOR_DEFINITIONS = (
					"DEBUG=1",
					"$(inherited)",
				);
				GCC_WARN_64_TO_32_BIT_CONVERSION = YES;
				GCC_WARN_ABOUT_RETURN_TYPE = YES_ERROR;
				GCC_WARN_UNDECLARED_SELECTOR = YES;
				GCC_WARN_UNINITIALIZED_AUTOS = YES_AGGRESSIVE;
				GCC_WARN_UNUSED_FUNCTION = YES;
				GCC_WARN_UNUSED_VARIABLE = YES;
				IPHONEOS_DEPLOYMENT_TARGET = 18.2;
				LOCALIZATION_PREFERS_STRING_CATALOGS = YES;
				MTL_ENABLE_DEBUG_INFO = INCLUDE_SOURCE;
				MTL_FAST_MATH = YES;
				ONLY_ACTIVE_ARCH = YES;
				SDKROOT = iphoneos;
				SWIFT_ACTIVE_COMPILATION_CONDITIONS = "DEBUG $(inherited)";
				SWIFT_OPTIMIZATION_LEVEL = "-Onone";
			};
			name = Debug;
		};
		A296EE1C2E1A043500D9B1F7 /* Release */ = {
			isa = XCBuildConfiguration;
			buildSettings = {
				ALWAYS_SEARCH_USER_PATHS = NO;
				ASSETCATALOG_COMPILER_GENERATE_SWIFT_ASSET_SYMBOL_EXTENSIONS = YES;
				CLANG_ANALYZER_NONNULL = YES;
				CLANG_ANALYZER_NUMBER_OBJECT_CONVERSION = YES_AGGRESSIVE;
				CLANG_CXX_LANGUAGE_STANDARD = "gnu++20";
				CLANG_ENABLE_MODULES = YES;
				CLANG_ENABLE_OBJC_ARC = YES;
				CLANG_ENABLE_OBJC_WEAK = YES;
				CLANG_WARN_BLOCK_CAPTURE_AUTORELEASING = YES;
				CLANG_WARN_BOOL_CONVERSION = YES;
				CLANG_WARN_COMMA = YES;
				CLANG_WARN_CONSTANT_CONVERSION = YES;
				CLANG_WARN_DEPRECATED_OBJC_IMPLEMENTATIONS = YES;
				CLANG_WARN_DIRECT_OBJC_ISA_USAGE = YES_ERROR;
				CLANG_WARN_DOCUMENTATION_COMMENTS = YES;
				CLANG_WARN_EMPTY_BODY = YES;
				CLANG_WARN_ENUM_CONVERSION = YES;
				CLANG_WARN_INFINITE_RECURSION = YES;
				CLANG_WARN_INT_CONVERSION = YES;
				CLANG_WARN_NON_LITERAL_NULL_CONVERSION = YES;
				CLANG_WARN_OBJC_IMPLICIT_RETAIN_SELF = YES;
				CLANG_WARN_OBJC_LITERAL_CONVERSION = YES;
				CLANG_WARN_OBJC_ROOT_CLASS = YES_ERROR;
				CLANG_WARN_QUOTED_INCLUDE_IN_FRAMEWORK_HEADER = YES;
				CLANG_WARN_RANGE_LOOP_ANALYSIS = YES;
				CLANG_WARN_STRICT_PROTOTYPES = YES;
				CLANG_WARN_SUSPICIOUS_MOVE = YES;
				CLANG_WARN_UNGUARDED_AVAILABILITY = YES_AGGRESSIVE;
				CLANG_WARN_UNREACHABLE_CODE = YES;
				CLANG_WARN__DUPLICATE_METHOD_MATCH = YES;
				COPY_PHASE_STRIP = NO;
				DEBUG_INFORMATION_FORMAT = "dwarf-with-dsym";
				ENABLE_NS_ASSERTIONS = NO;
				ENABLE_STRICT_OBJC_MSGSEND = YES;
				ENABLE_USER_SCRIPT_SANDBOXING = YES;
				GCC_C_LANGUAGE_STANDARD = gnu17;
				GCC_NO_COMMON_BLOCKS = YES;
				GCC_WARN_64_TO_32_BIT_CONVERSION = YES;
				GCC_WARN_ABOUT_RETURN_TYPE = YES_ERROR;
				GCC_WARN_UNDECLARED_SELECTOR = YES;
				GCC_WARN_UNINITIALIZED_AUTOS = YES_AGGRESSIVE;
				GCC_WARN_UNUSED_FUNCTION = YES;
				GCC_WARN_UNUSED_VARIABLE = YES;
				IPHONEOS_DEPLOYMENT_TARGET = 18.2;
				LOCALIZATION_PREFERS_STRING_CATALOGS = YES;
				MTL_ENABLE_DEBUG_INFO = NO;
				MTL_FAST_MATH = YES;
				SDKROOT = iphoneos;
				SWIFT_COMPILATION_MODE = wholemodule;
				VALIDATE_PRODUCT = YES;
			};
			name = Release;
		};
		A296EE1E2E1A043500D9B1F7 /* Debug */ = {
			isa = XCBuildConfiguration;
			buildSettings = {
				ASSETCATALOG_COMPILER_APPICON_NAME = AppIcon;
				ASSETCATALOG_COMPILER_GLOBAL_ACCENT_COLOR_NAME = AccentColor;
				CODE_SIGN_STYLE = Automatic;
				CURRENT_PROJECT_VERSION = 1;
				DEVELOPMENT_ASSET_PATHS = "\"KazokuFit/Preview Content\"";
				DEVELOPMENT_TEAM = 3GB3M4K3G7;
				ENABLE_PREVIEWS = YES;
				GENERATE_INFOPLIST_FILE = YES;
				INFOPLIST_KEY_UIApplicationSceneManifest_Generation = YES;
				INFOPLIST_KEY_UIApplicationSupportsIndirectInputEvents = YES;
				INFOPLIST_KEY_UILaunchScreen_Generation = YES;
				INFOPLIST_KEY_UISupportedInterfaceOrientations_iPad = "UIInterfaceOrientationPortrait UIInterfaceOrientationPortraitUpsideDown UIInterfaceOrientationLandscapeLeft UIInterfaceOrientationLandscapeRight";
				INFOPLIST_KEY_UISupportedInterfaceOrientations_iPhone = "UIInterfaceOrientationPortrait UIInterfaceOrientationLandscapeLeft UIInterfaceOrientationLandscapeRight";
				LD_RUNPATH_SEARCH_PATHS = (
					"$(inherited)",
					"@executable_path/Frameworks",
				);
				MARKETING_VERSION = 1.0;
				PRODUCT_BUNDLE_IDENTIFIER = me.rosado.mr.KazokuFit;
				PRODUCT_NAME = "$(TARGET_NAME)";
				SWIFT_EMIT_LOC_STRINGS = YES;
				SWIFT_VERSION = 5.0;
				TARGETED_DEVICE_FAMILY = "1,2";
			};
			name = Debug;
		};
		A296EE1F2E1A043500D9B1F7 /* Release */ = {
			isa = XCBuildConfiguration;
			buildSettings = {
				ASSETCATALOG_COMPILER_APPICON_NAME = AppIcon;
				ASSETCATALOG_COMPILER_GLOBAL_ACCENT_COLOR_NAME = AccentColor;
				CODE_SIGN_STYLE = Automatic;
				CURRENT_PROJECT_VERSION = 1;
				DEVELOPMENT_ASSET_PATHS = "\"KazokuFit/Preview Content\"";
				DEVELOPMENT_TEAM = 3GB3M4K3G7;
				ENABLE_PREVIEWS = YES;
				GENERATE_INFOPLIST_FILE = YES;
				INFOPLIST_KEY_UIApplicationSceneManifest_Generation = YES;
				INFOPLIST_KEY_UIApplicationSupportsIndirectInputEvents = YES;
				INFOPLIST_KEY_UILaunchScreen_Generation = YES;
				INFOPLIST_KEY_UISupportedInterfaceOrientations_iPad = "UIInterfaceOrientationPortrait UIInterfaceOrientationPortraitUpsideDown UIInterfaceOrientationLandscapeLeft UIInterfaceOrientationLandscapeRight";
				INFOPLIST_KEY_UISupportedInterfaceOrientations_iPhone = "UIInterfaceOrientationPortrait UIInterfaceOrientationLandscapeLeft UIInterfaceOrientationLandscapeRight";
				LD_RUNPATH_SEARCH_PATHS = (
					"$(inherited)",
					"@executable_path/Frameworks",
				);
				MARKETING_VERSION = 1.0;
				PRODUCT_BUNDLE_IDENTIFIER = me.rosado.mr.KazokuFit;
				PRODUCT_NAME = "$(TARGET_NAME)";
				SWIFT_EMIT_LOC_STRINGS = YES;
				SWIFT_VERSION = 5.0;
				TARGETED_DEVICE_FAMILY = "1,2";
			};
			name = Release;
		};
		A296EE212E1A043500D9B1F7 /* Debug */ = {
			isa = XCBuildConfiguration;
			buildSettings = {
				BUNDLE_LOADER = "$(TEST_HOST)";
				CODE_SIGN_STYLE = Automatic;
				CURRENT_PROJECT_VERSION = 1;
				DEVELOPMENT_TEAM = 3GB3M4K3G7;
				GENERATE_INFOPLIST_FILE = YES;
				IPHONEOS_DEPLOYMENT_TARGET = 18.2;
				MARKETING_VERSION = 1.0;
				PRODUCT_BUNDLE_IDENTIFIER = me.rosado.mr.KazokuFitTests;
				PRODUCT_NAME = "$(TARGET_NAME)";
				SWIFT_EMIT_LOC_STRINGS = NO;
				SWIFT_VERSION = 5.0;
				TARGETED_DEVICE_FAMILY = "1,2";
				TEST_HOST = "$(BUILT_PRODUCTS_DIR)/KazokuFit.app/$(BUNDLE_EXECUTABLE_FOLDER_PATH)/KazokuFit";
			};
			name = Debug;
		};
		A296EE222E1A043500D9B1F7 /* Release */ = {
			isa = XCBuildConfiguration;
			buildSettings = {
				BUNDLE_LOADER = "$(TEST_HOST)";
				CODE_SIGN_STYLE = Automatic;
				CURRENT_PROJECT_VERSION = 1;
				DEVELOPMENT_TEAM = 3GB3M4K3G7;
				GENERATE_INFOPLIST_FILE = YES;
				IPHONEOS_DEPLOYMENT_TARGET = 18.2;
				MARKETING_VERSION = 1.0;
				PRODUCT_BUNDLE_IDENTIFIER = me.rosado.mr.KazokuFitTests;
				PRODUCT_NAME = "$(TARGET_NAME)";
				SWIFT_EMIT_LOC_STRINGS = NO;
				SWIFT_VERSION = 5.0;
				TARGETED_DEVICE_FAMILY = "1,2";
				TEST_HOST = "$(BUILT_PRODUCTS_DIR)/KazokuFit.app/$(BUNDLE_EXECUTABLE_FOLDER_PATH)/KazokuFit";
			};
			name = Release;
		};
		A296EE242E1A043500D9B1F7 /* Debug */ = {
			isa = XCBuildConfiguration;
			buildSettings = {
				CODE_SIGN_STYLE = Automatic;
				CURRENT_PROJECT_VERSION = 1;
				DEVELOPMENT_TEAM = 3GB3M4K3G7;
				GENERATE_INFOPLIST_FILE = YES;
				MARKETING_VERSION = 1.0;
				PRODUCT_BUNDLE_IDENTIFIER = me.rosado.mr.KazokuFitUITests;
				PRODUCT_NAME = "$(TARGET_NAME)";
				SWIFT_EMIT_LOC_STRINGS = NO;
				SWIFT_VERSION = 5.0;
				TARGETED_DEVICE_FAMILY = "1,2";
				TEST_TARGET_NAME = KazokuFit;
			};
			name = Debug;
		};
		A296EE252E1A043500D9B1F7 /* Release */ = {
			isa = XCBuildConfiguration;
			buildSettings = {
				CODE_SIGN_STYLE = Automatic;
				CURRENT_PROJECT_VERSION = 1;
				DEVELOPMENT_TEAM = 3GB3M4K3G7;
				GENERATE_INFOPLIST_FILE = YES;
				MARKETING_VERSION = 1.0;
				PRODUCT_BUNDLE_IDENTIFIER = me.rosado.mr.KazokuFitUITests;
				PRODUCT_NAME = "$(TARGET_NAME)";
				SWIFT_EMIT_LOC_STRINGS = NO;
				SWIFT_VERSION = 5.0;
				TARGETED_DEVICE_FAMILY = "1,2";
				TEST_TARGET_NAME = KazokuFit;
			};
			name = Release;
		};
/* End XCBuildConfiguration section */

/* Begin XCConfigurationList section */
		A296EDF42E1A043000D9B1F7 /* Build configuration list for PBXProject "KazokuFit" */ = {
			isa = XCConfigurationList;
			buildConfigurations = (
				A296EE1B2E1A043500D9B1F7 /* Debug */,
				A296EE1C2E1A043500D9B1F7 /* Release */,
			);
			defaultConfigurationIsVisible = 0;
			defaultConfigurationName = Release;
		};
		A296EE1D2E1A043500D9B1F7 /* Build configuration list for PBXNativeTarget "KazokuFit" */ = {
			isa = XCConfigurationList;
			buildConfigurations = (
				A296EE1E2E1A043500D9B1F7 /* Debug */,
				A296EE1F2E1A043500D9B1F7 /* Release */,
			);
			defaultConfigurationIsVisible = 0;
			defaultConfigurationName = Release;
		};
		A296EE202E1A043500D9B1F7 /* Build configuration list for PBXNativeTarget "KazokuFitTests" */ = {
			isa = XCConfigurationList;
			buildConfigurations = (
				A296EE212E1A043500D9B1F7 /* Debug */,
				A296EE222E1A043500D9B1F7 /* Release */,
			);
			defaultConfigurationIsVisible = 0;
			defaultConfigurationName = Release;
		};
		A296EE232E1A043500D9B1F7 /* Build configuration list for PBXNativeTarget "KazokuFitUITests" */ = {
			isa = XCConfigurationList;
			buildConfigurations = (
				A296EE242E1A043500D9B1F7 /* Debug */,
				A296EE252E1A043500D9B1F7 /* Release */,
			);
			defaultConfigurationIsVisible = 0;
			defaultConfigurationName = Release;
		};
/* End XCConfigurationList section */
	};
	rootObject = A296EDF12E1A043000D9B1F7 /* Project object */;
}
